// !$*UTF8*$!
{
	archiveVersion = 1;
	classes = {
	};
	objectVersion = 46;
	objects = {

/* Begin PBXBuildFile section */
		3F087C54189E4B4700A77BCF /* FacialViewController.m in Sources */ = {isa = PBXBuildFile; fileRef = 3F087C53189E4B4700A77BCF /* FacialViewController.m */; };
		3F088ACE189E1903001C95EA /* bg.psd in Resources */ = {isa = PBXBuildFile; fileRef = 3F088AC9189E1903001C95EA /* bg.psd */; };
		3F088ACF189E1903001C95EA /* bg2.png in Resources */ = {isa = PBXBuildFile; fileRef = 3F088ACA189E1903001C95EA /* bg2.png */; };
		3F088AD0189E1903001C95EA /* bg3.png in Resources */ = {isa = PBXBuildFile; fileRef = 3F088ACB189E1903001C95EA /* bg3.png */; };
		3F088AD1189E1903001C95EA /* bg4.png in Resources */ = {isa = PBXBuildFile; fileRef = 3F088ACC189E1903001C95EA /* bg4.png */; };
		3F088AD2189E1903001C95EA /* bg5.png in Resources */ = {isa = PBXBuildFile; fileRef = 3F088ACD189E1903001C95EA /* bg5.png */; };
		3F088AD6189E1E90001C95EA /* iTunesArtwork_58.png in Resources */ = {isa = PBXBuildFile; fileRef = 3F088AD3189E1E90001C95EA /* iTunesArtwork_58.png */; };
		3F088AD7189E1E90001C95EA /* iTunesArtwork_80.png in Resources */ = {isa = PBXBuildFile; fileRef = 3F088AD4189E1E90001C95EA /* iTunesArtwork_80.png */; };
		3F088AD8189E1E90001C95EA /* iTunesArtwork_120.png in Resources */ = {isa = PBXBuildFile; fileRef = 3F088AD5189E1E90001C95EA /* iTunesArtwork_120.png */; };
		3F088ADB189E1E9E001C95EA /* splash_960.png in Resources */ = {isa = PBXBuildFile; fileRef = 3F088AD9189E1E9E001C95EA /* splash_960.png */; };
		3F088ADC189E1E9E001C95EA /* splash.png in Resources */ = {isa = PBXBuildFile; fileRef = 3F088ADA189E1E9E001C95EA /* splash.png */; };
		3F32D7E4189B4C2300E109A8 /* Foundation.framework in Frameworks */ = {isa = PBXBuildFile; fileRef = 3F32D7E3189B4C2200E109A8 /* Foundation.framework */; };
		3F32D7E6189B4C2300E109A8 /* CoreGraphics.framework in Frameworks */ = {isa = PBXBuildFile; fileRef = 3F32D7E5189B4C2300E109A8 /* CoreGraphics.framework */; };
		3F32D7E8189B4C2300E109A8 /* UIKit.framework in Frameworks */ = {isa = PBXBuildFile; fileRef = 3F32D7E7189B4C2300E109A8 /* UIKit.framework */; };
		3F32D7EE189B4C2300E109A8 /* InfoPlist.strings in Resources */ = {isa = PBXBuildFile; fileRef = 3F32D7EC189B4C2300E109A8 /* InfoPlist.strings */; };
		3F32D7F0189B4C2300E109A8 /* main.m in Sources */ = {isa = PBXBuildFile; fileRef = 3F32D7EF189B4C2300E109A8 /* main.m */; };
		3F32D7F4189B4C2300E109A8 /* AppDelegate.m in Sources */ = {isa = PBXBuildFile; fileRef = 3F32D7F3189B4C2300E109A8 /* AppDelegate.m */; };
		3F32D7F7189B4C2300E109A8 /* Main.storyboard in Resources */ = {isa = PBXBuildFile; fileRef = 3F32D7F5189B4C2300E109A8 /* Main.storyboard */; };
		3F32D7FA189B4C2300E109A8 /* ProfileViewController.m in Sources */ = {isa = PBXBuildFile; fileRef = 3F32D7F9189B4C2300E109A8 /* ProfileViewController.m */; };
		3F32D7FD189B4C2300E109A8 /* FinderViewController.m in Sources */ = {isa = PBXBuildFile; fileRef = 3F32D7FC189B4C2300E109A8 /* FinderViewController.m */; };
		3F32D7FF189B4C2300E109A8 /* Images.xcassets in Resources */ = {isa = PBXBuildFile; fileRef = 3F32D7FE189B4C2300E109A8 /* Images.xcassets */; };
		3F32D806189B4C2300E109A8 /* XCTest.framework in Frameworks */ = {isa = PBXBuildFile; fileRef = 3F32D805189B4C2300E109A8 /* XCTest.framework */; };
		3F32D807189B4C2300E109A8 /* Foundation.framework in Frameworks */ = {isa = PBXBuildFile; fileRef = 3F32D7E3189B4C2200E109A8 /* Foundation.framework */; };
		3F32D808189B4C2300E109A8 /* UIKit.framework in Frameworks */ = {isa = PBXBuildFile; fileRef = 3F32D7E7189B4C2300E109A8 /* UIKit.framework */; };
		3F32D810189B4C2300E109A8 /* InfoPlist.strings in Resources */ = {isa = PBXBuildFile; fileRef = 3F32D80E189B4C2300E109A8 /* InfoPlist.strings */; };
		3F32D812189B4C2300E109A8 /* glimpseTests.m in Sources */ = {isa = PBXBuildFile; fileRef = 3F32D811189B4C2300E109A8 /* glimpseTests.m */; };
		3F36AEEE189CB63300DFFC3A /* about_icon.png in Resources */ = {isa = PBXBuildFile; fileRef = 3F36AEED189CB63300DFFC3A /* about_icon.png */; };
		3F36AEF0189CB85700DFFC3A /* iconexample.png in Resources */ = {isa = PBXBuildFile; fileRef = 3F36AEEF189CB85700DFFC3A /* iconexample.png */; };
		3F810D6B189EDA0400EC00AE /* MultipeerConnectivity.framework in Frameworks */ = {isa = PBXBuildFile; fileRef = 3F810D6A189EDA0400EC00AE /* MultipeerConnectivity.framework */; };
		3F810D6E189F362F00EC00AE /* APLPositionToBoundsMapping.m in Sources */ = {isa = PBXBuildFile; fileRef = 3F810D6D189F362F00EC00AE /* APLPositionToBoundsMapping.m */; };
		3FE1CF32189DA1B400E8F55B /* ImagePickerViewController.m in Sources */ = {isa = PBXBuildFile; fileRef = 3FE1CF31189DA1B400E8F55B /* ImagePickerViewController.m */; };
		3FE1CF35189DB0B700E8F55B /* TutorialViewController.m in Sources */ = {isa = PBXBuildFile; fileRef = 3FE1CF34189DB0B700E8F55B /* TutorialViewController.m */; };
		3FFA7288189E538F00A1EB76 /* bg.png in Resources */ = {isa = PBXBuildFile; fileRef = 3FFA7287189E538F00A1EB76 /* bg.png */; };
		B3BFE229189BFC5D00695E82 /* AddressBook.framework in Frameworks */ = {isa = PBXBuildFile; fileRef = B3BFE227189BFC5D00695E82 /* AddressBook.framework */; };
		B3BFE22A189BFC5D00695E82 /* AddressBookUI.framework in Frameworks */ = {isa = PBXBuildFile; fileRef = B3BFE228189BFC5D00695E82 /* AddressBookUI.framework */; };
		B3BFE22D189BFE0200695E82 /* AboutViewController.m in Sources */ = {isa = PBXBuildFile; fileRef = B3BFE22C189BFE0200695E82 /* AboutViewController.m */; };
		B3DB2C25189E4F750051E341 /* ContactGrabber.m in Sources */ = {isa = PBXBuildFile; fileRef = B3DB2C24189E4F750051E341 /* ContactGrabber.m */; };
		B3DFD08E189EA91A0019DAED /* FaceDetector.m in Sources */ = {isa = PBXBuildFile; fileRef = B3DFD08D189EA91A0019DAED /* FaceDetector.m */; };
		B3DFD090189EC0340019DAED /* border.png in Resources */ = {isa = PBXBuildFile; fileRef = B3DFD08F189EC0340019DAED /* border.png */; };
		B3DFD095189F00180019DAED /* TutorialContentViewController.m in Sources */ = {isa = PBXBuildFile; fileRef = B3DFD094189F00180019DAED /* TutorialContentViewController.m */; };
		B3DFD0A9189F64230019DAED /* about_icon2@2x.png in Resources */ = {isa = PBXBuildFile; fileRef = B3DFD0A4189F64230019DAED /* about_icon2@2x.png */; };
		B3DFD0AA189F64230019DAED /* lobby_icon@2x.png in Resources */ = {isa = PBXBuildFile; fileRef = B3DFD0A5189F64230019DAED /* lobby_icon@2x.png */; };
		B3DFD0AB189F64230019DAED /* marker@2x.png in Resources */ = {isa = PBXBuildFile; fileRef = B3DFD0A6189F64230019DAED /* marker@2x.png */; };
		B3DFD0AC189F64230019DAED /* profile_icon@2x.png in Resources */ = {isa = PBXBuildFile; fileRef = B3DFD0A7189F64230019DAED /* profile_icon@2x.png */; };
		B3DFD0AD189F64230019DAED /* tutorial_icon@2x.png in Resources */ = {isa = PBXBuildFile; fileRef = B3DFD0A8189F64230019DAED /* tutorial_icon@2x.png */; };
/* End PBXBuildFile section */

/* Begin PBXContainerItemProxy section */
		3F32D809189B4C2300E109A8 /* PBXContainerItemProxy */ = {
			isa = PBXContainerItemProxy;
			containerPortal = 3F32D7D8189B4C2200E109A8 /* Project object */;
			proxyType = 1;
			remoteGlobalIDString = 3F32D7DF189B4C2200E109A8;
			remoteInfo = glimpse;
		};
/* End PBXContainerItemProxy section */

/* Begin PBXFileReference section */
		3F087C52189E4B4700A77BCF /* FacialViewController.h */ = {isa = PBXFileReference; fileEncoding = 4; lastKnownFileType = sourcecode.c.h; path = FacialViewController.h; sourceTree = "<group>"; };
		3F087C53189E4B4700A77BCF /* FacialViewController.m */ = {isa = PBXFileReference; fileEncoding = 4; lastKnownFileType = sourcecode.c.objc; path = FacialViewController.m; sourceTree = "<group>"; };
		3F087C55189EA94D00A77BCF /* SpriteKit.framework */ = {isa = PBXFileReference; lastKnownFileType = wrapper.framework; name = SpriteKit.framework; path = System/Library/Frameworks/SpriteKit.framework; sourceTree = SDKROOT; };
		3F088AC9189E1903001C95EA /* bg.psd */ = {isa = PBXFileReference; lastKnownFileType = file; path = bg.psd; sourceTree = "<group>"; };
		3F088ACA189E1903001C95EA /* bg2.png */ = {isa = PBXFileReference; lastKnownFileType = image.png; path = bg2.png; sourceTree = "<group>"; };
		3F088ACB189E1903001C95EA /* bg3.png */ = {isa = PBXFileReference; lastKnownFileType = image.png; path = bg3.png; sourceTree = "<group>"; };
		3F088ACC189E1903001C95EA /* bg4.png */ = {isa = PBXFileReference; lastKnownFileType = image.png; path = bg4.png; sourceTree = "<group>"; };
		3F088ACD189E1903001C95EA /* bg5.png */ = {isa = PBXFileReference; lastKnownFileType = image.png; path = bg5.png; sourceTree = "<group>"; };
		3F088AD3189E1E90001C95EA /* iTunesArtwork_58.png */ = {isa = PBXFileReference; lastKnownFileType = image.png; path = iTunesArtwork_58.png; sourceTree = "<group>"; };
		3F088AD4189E1E90001C95EA /* iTunesArtwork_80.png */ = {isa = PBXFileReference; lastKnownFileType = image.png; path = iTunesArtwork_80.png; sourceTree = "<group>"; };
		3F088AD5189E1E90001C95EA /* iTunesArtwork_120.png */ = {isa = PBXFileReference; lastKnownFileType = image.png; path = iTunesArtwork_120.png; sourceTree = "<group>"; };
		3F088AD9189E1E9E001C95EA /* splash_960.png */ = {isa = PBXFileReference; lastKnownFileType = image.png; path = splash_960.png; sourceTree = "<group>"; };
		3F088ADA189E1E9E001C95EA /* splash.png */ = {isa = PBXFileReference; lastKnownFileType = image.png; path = splash.png; sourceTree = "<group>"; };
		3F32D7E0189B4C2200E109A8 /* glimpse.app */ = {isa = PBXFileReference; explicitFileType = wrapper.application; includeInIndex = 0; path = glimpse.app; sourceTree = BUILT_PRODUCTS_DIR; };
		3F32D7E3189B4C2200E109A8 /* Foundation.framework */ = {isa = PBXFileReference; lastKnownFileType = wrapper.framework; name = Foundation.framework; path = System/Library/Frameworks/Foundation.framework; sourceTree = SDKROOT; };
		3F32D7E5189B4C2300E109A8 /* CoreGraphics.framework */ = {isa = PBXFileReference; lastKnownFileType = wrapper.framework; name = CoreGraphics.framework; path = System/Library/Frameworks/CoreGraphics.framework; sourceTree = SDKROOT; };
		3F32D7E7189B4C2300E109A8 /* UIKit.framework */ = {isa = PBXFileReference; lastKnownFileType = wrapper.framework; name = UIKit.framework; path = System/Library/Frameworks/UIKit.framework; sourceTree = SDKROOT; };
		3F32D7EB189B4C2300E109A8 /* glimpse-Info.plist */ = {isa = PBXFileReference; lastKnownFileType = text.plist.xml; path = "glimpse-Info.plist"; sourceTree = "<group>"; };
		3F32D7ED189B4C2300E109A8 /* en */ = {isa = PBXFileReference; lastKnownFileType = text.plist.strings; name = en; path = en.lproj/InfoPlist.strings; sourceTree = "<group>"; };
		3F32D7EF189B4C2300E109A8 /* main.m */ = {isa = PBXFileReference; lastKnownFileType = sourcecode.c.objc; path = main.m; sourceTree = "<group>"; };
		3F32D7F1189B4C2300E109A8 /* glimpse-Prefix.pch */ = {isa = PBXFileReference; lastKnownFileType = sourcecode.c.h; path = "glimpse-Prefix.pch"; sourceTree = "<group>"; };
		3F32D7F2189B4C2300E109A8 /* AppDelegate.h */ = {isa = PBXFileReference; lastKnownFileType = sourcecode.c.h; path = AppDelegate.h; sourceTree = "<group>"; };
		3F32D7F3189B4C2300E109A8 /* AppDelegate.m */ = {isa = PBXFileReference; lastKnownFileType = sourcecode.c.objc; path = AppDelegate.m; sourceTree = "<group>"; };
		3F32D7F6189B4C2300E109A8 /* Base */ = {isa = PBXFileReference; lastKnownFileType = file.storyboard; name = Base; path = Base.lproj/Main.storyboard; sourceTree = "<group>"; };
		3F32D7F8189B4C2300E109A8 /* ProfileViewController.h */ = {isa = PBXFileReference; lastKnownFileType = sourcecode.c.h; path = ProfileViewController.h; sourceTree = "<group>"; };
		3F32D7F9189B4C2300E109A8 /* ProfileViewController.m */ = {isa = PBXFileReference; lastKnownFileType = sourcecode.c.objc; path = ProfileViewController.m; sourceTree = "<group>"; };
		3F32D7FB189B4C2300E109A8 /* FinderViewController.h */ = {isa = PBXFileReference; lastKnownFileType = sourcecode.c.h; path = FinderViewController.h; sourceTree = "<group>"; };
		3F32D7FC189B4C2300E109A8 /* FinderViewController.m */ = {isa = PBXFileReference; lastKnownFileType = sourcecode.c.objc; path = FinderViewController.m; sourceTree = "<group>"; };
		3F32D7FE189B4C2300E109A8 /* Images.xcassets */ = {isa = PBXFileReference; lastKnownFileType = folder.assetcatalog; path = Images.xcassets; sourceTree = "<group>"; };
		3F32D804189B4C2300E109A8 /* glimpseTests.xctest */ = {isa = PBXFileReference; explicitFileType = wrapper.cfbundle; includeInIndex = 0; path = glimpseTests.xctest; sourceTree = BUILT_PRODUCTS_DIR; };
		3F32D805189B4C2300E109A8 /* XCTest.framework */ = {isa = PBXFileReference; lastKnownFileType = wrapper.framework; name = XCTest.framework; path = Library/Frameworks/XCTest.framework; sourceTree = DEVELOPER_DIR; };
		3F32D80D189B4C2300E109A8 /* glimpseTests-Info.plist */ = {isa = PBXFileReference; lastKnownFileType = text.plist.xml; path = "glimpseTests-Info.plist"; sourceTree = "<group>"; };
		3F32D80F189B4C2300E109A8 /* en */ = {isa = PBXFileReference; lastKnownFileType = text.plist.strings; name = en; path = en.lproj/InfoPlist.strings; sourceTree = "<group>"; };
		3F32D811189B4C2300E109A8 /* glimpseTests.m */ = {isa = PBXFileReference; lastKnownFileType = sourcecode.c.objc; path = glimpseTests.m; sourceTree = "<group>"; };
		3F36AEED189CB63300DFFC3A /* about_icon.png */ = {isa = PBXFileReference; lastKnownFileType = image.png; path = about_icon.png; sourceTree = "<group>"; };
		3F36AEEF189CB85700DFFC3A /* iconexample.png */ = {isa = PBXFileReference; lastKnownFileType = image.png; path = iconexample.png; sourceTree = "<group>"; };
		3F810D6A189EDA0400EC00AE /* MultipeerConnectivity.framework */ = {isa = PBXFileReference; lastKnownFileType = wrapper.framework; name = MultipeerConnectivity.framework; path = System/Library/Frameworks/MultipeerConnectivity.framework; sourceTree = SDKROOT; };
		3F810D6C189F362F00EC00AE /* APLPositionToBoundsMapping.h */ = {isa = PBXFileReference; fileEncoding = 4; lastKnownFileType = sourcecode.c.h; path = APLPositionToBoundsMapping.h; sourceTree = "<group>"; };
		3F810D6D189F362F00EC00AE /* APLPositionToBoundsMapping.m */ = {isa = PBXFileReference; fileEncoding = 4; lastKnownFileType = sourcecode.c.objc; path = APLPositionToBoundsMapping.m; sourceTree = "<group>"; };
		3FE1CF30189DA1B400E8F55B /* ImagePickerViewController.h */ = {isa = PBXFileReference; fileEncoding = 4; lastKnownFileType = sourcecode.c.h; path = ImagePickerViewController.h; sourceTree = "<group>"; };
		3FE1CF31189DA1B400E8F55B /* ImagePickerViewController.m */ = {isa = PBXFileReference; fileEncoding = 4; lastKnownFileType = sourcecode.c.objc; path = ImagePickerViewController.m; sourceTree = "<group>"; };
		3FE1CF33189DB0B700E8F55B /* TutorialViewController.h */ = {isa = PBXFileReference; fileEncoding = 4; lastKnownFileType = sourcecode.c.h; path = TutorialViewController.h; sourceTree = "<group>"; };
		3FE1CF34189DB0B700E8F55B /* TutorialViewController.m */ = {isa = PBXFileReference; fileEncoding = 4; lastKnownFileType = sourcecode.c.objc; path = TutorialViewController.m; sourceTree = "<group>"; };
		3FFA7287189E538F00A1EB76 /* bg.png */ = {isa = PBXFileReference; lastKnownFileType = image.png; path = bg.png; sourceTree = "<group>"; };
		B3BFE227189BFC5D00695E82 /* AddressBook.framework */ = {isa = PBXFileReference; lastKnownFileType = wrapper.framework; name = AddressBook.framework; path = System/Library/Frameworks/AddressBook.framework; sourceTree = SDKROOT; };
		B3BFE228189BFC5D00695E82 /* AddressBookUI.framework */ = {isa = PBXFileReference; lastKnownFileType = wrapper.framework; name = AddressBookUI.framework; path = System/Library/Frameworks/AddressBookUI.framework; sourceTree = SDKROOT; };
		B3BFE22B189BFE0200695E82 /* AboutViewController.h */ = {isa = PBXFileReference; fileEncoding = 4; lastKnownFileType = sourcecode.c.h; path = AboutViewController.h; sourceTree = "<group>"; };
		B3BFE22C189BFE0200695E82 /* AboutViewController.m */ = {isa = PBXFileReference; fileEncoding = 4; lastKnownFileType = sourcecode.c.objc; path = AboutViewController.m; sourceTree = "<group>"; };
		B3DB2C23189E4F750051E341 /* ContactGrabber.h */ = {isa = PBXFileReference; fileEncoding = 4; lastKnownFileType = sourcecode.c.h; path = ContactGrabber.h; sourceTree = "<group>"; };
		B3DB2C24189E4F750051E341 /* ContactGrabber.m */ = {isa = PBXFileReference; fileEncoding = 4; lastKnownFileType = sourcecode.c.objc; path = ContactGrabber.m; sourceTree = "<group>"; };
		B3DFD08C189EA91A0019DAED /* FaceDetector.h */ = {isa = PBXFileReference; fileEncoding = 4; lastKnownFileType = sourcecode.c.h; path = FaceDetector.h; sourceTree = "<group>"; };
		B3DFD08D189EA91A0019DAED /* FaceDetector.m */ = {isa = PBXFileReference; fileEncoding = 4; lastKnownFileType = sourcecode.c.objc; path = FaceDetector.m; sourceTree = "<group>"; };
		B3DFD08F189EC0340019DAED /* border.png */ = {isa = PBXFileReference; lastKnownFileType = image.png; path = border.png; sourceTree = "<group>"; };
		B3DFD093189F00180019DAED /* TutorialContentViewController.h */ = {isa = PBXFileReference; fileEncoding = 4; lastKnownFileType = sourcecode.c.h; path = TutorialContentViewController.h; sourceTree = "<group>"; };
		B3DFD094189F00180019DAED /* TutorialContentViewController.m */ = {isa = PBXFileReference; fileEncoding = 4; lastKnownFileType = sourcecode.c.objc; path = TutorialContentViewController.m; sourceTree = "<group>"; };
		B3DFD0A4189F64230019DAED /* about_icon2@2x.png */ = {isa = PBXFileReference; lastKnownFileType = image.png; path = "about_icon2@2x.png"; sourceTree = "<group>"; };
		B3DFD0A5189F64230019DAED /* lobby_icon@2x.png */ = {isa = PBXFileReference; lastKnownFileType = image.png; path = "lobby_icon@2x.png"; sourceTree = "<group>"; };
		B3DFD0A6189F64230019DAED /* marker@2x.png */ = {isa = PBXFileReference; lastKnownFileType = image.png; path = "marker@2x.png"; sourceTree = "<group>"; };
		B3DFD0A7189F64230019DAED /* profile_icon@2x.png */ = {isa = PBXFileReference; lastKnownFileType = image.png; path = "profile_icon@2x.png"; sourceTree = "<group>"; };
		B3DFD0A8189F64230019DAED /* tutorial_icon@2x.png */ = {isa = PBXFileReference; lastKnownFileType = image.png; path = "tutorial_icon@2x.png"; sourceTree = "<group>"; };
/* End PBXFileReference section */

/* Begin PBXFrameworksBuildPhase section */
		3F32D7DD189B4C2200E109A8 /* Frameworks */ = {
			isa = PBXFrameworksBuildPhase;
			buildActionMask = 2147483647;
			files = (
				3F810D6B189EDA0400EC00AE /* MultipeerConnectivity.framework in Frameworks */,
				3F32D7E8189B4C2300E109A8 /* UIKit.framework in Frameworks */,
				B3BFE229189BFC5D00695E82 /* AddressBook.framework in Frameworks */,
				B3BFE22A189BFC5D00695E82 /* AddressBookUI.framework in Frameworks */,
				3F32D7E6189B4C2300E109A8 /* CoreGraphics.framework in Frameworks */,
				3F32D7E4189B4C2300E109A8 /* Foundation.framework in Frameworks */,
			);
			runOnlyForDeploymentPostprocessing = 0;
		};
		3F32D801189B4C2300E109A8 /* Frameworks */ = {
			isa = PBXFrameworksBuildPhase;
			buildActionMask = 2147483647;
			files = (
				3F32D806189B4C2300E109A8 /* XCTest.framework in Frameworks */,
				3F32D808189B4C2300E109A8 /* UIKit.framework in Frameworks */,
				3F32D807189B4C2300E109A8 /* Foundation.framework in Frameworks */,
			);
			runOnlyForDeploymentPostprocessing = 0;
		};
/* End PBXFrameworksBuildPhase section */

/* Begin PBXGroup section */
		3F32D7D7189B4C2200E109A8 = {
			isa = PBXGroup;
			children = (
				3F32D7E9189B4C2300E109A8 /* glimpse */,
				3F32D80B189B4C2300E109A8 /* glimpseTests */,
				3F32D7E2189B4C2200E109A8 /* Frameworks */,
				3F32D7E1189B4C2200E109A8 /* Products */,
			);
			sourceTree = "<group>";
		};
		3F32D7E1189B4C2200E109A8 /* Products */ = {
			isa = PBXGroup;
			children = (
				3F32D7E0189B4C2200E109A8 /* glimpse.app */,
				3F32D804189B4C2300E109A8 /* glimpseTests.xctest */,
			);
			name = Products;
			sourceTree = "<group>";
		};
		3F32D7E2189B4C2200E109A8 /* Frameworks */ = {
			isa = PBXGroup;
			children = (
				3F810D6A189EDA0400EC00AE /* MultipeerConnectivity.framework */,
				3F087C55189EA94D00A77BCF /* SpriteKit.framework */,
				B3BFE227189BFC5D00695E82 /* AddressBook.framework */,
				B3BFE228189BFC5D00695E82 /* AddressBookUI.framework */,
				3F32D7E3189B4C2200E109A8 /* Foundation.framework */,
				3F32D7E5189B4C2300E109A8 /* CoreGraphics.framework */,
				3F32D7E7189B4C2300E109A8 /* UIKit.framework */,
				3F32D805189B4C2300E109A8 /* XCTest.framework */,
			);
			name = Frameworks;
			sourceTree = "<group>";
		};
		3F32D7E9189B4C2300E109A8 /* glimpse */ = {
			isa = PBXGroup;
			children = (
				B3DFD092189ED9420019DAED /* Controllers */,
				B3DFD091189ED9230019DAED /* Models */,
				3F32D7F2189B4C2300E109A8 /* AppDelegate.h */,
				3F32D7F3189B4C2300E109A8 /* AppDelegate.m */,
				3F32D7F5189B4C2300E109A8 /* Main.storyboard */,
				3F32D7FE189B4C2300E109A8 /* Images.xcassets */,
				3F32D7EA189B4C2300E109A8 /* Supporting Files */,
			);
			path = glimpse;
			sourceTree = "<group>";
		};
		3F32D7EA189B4C2300E109A8 /* Supporting Files */ = {
			isa = PBXGroup;
			children = (
				B3DFD0A4189F64230019DAED /* about_icon2@2x.png */,
				B3DFD0A5189F64230019DAED /* lobby_icon@2x.png */,
				B3DFD0A6189F64230019DAED /* marker@2x.png */,
				B3DFD0A7189F64230019DAED /* profile_icon@2x.png */,
				B3DFD0A8189F64230019DAED /* tutorial_icon@2x.png */,
				B3DFD08F189EC0340019DAED /* border.png */,
				3F36AEEF189CB85700DFFC3A /* iconexample.png */,
				3F36AEED189CB63300DFFC3A /* about_icon.png */,
				3F088AC9189E1903001C95EA /* bg.psd */,
				3F088ACA189E1903001C95EA /* bg2.png */,
				3F088ACB189E1903001C95EA /* bg3.png */,
				3F088AD3189E1E90001C95EA /* iTunesArtwork_58.png */,
				3F088AD4189E1E90001C95EA /* iTunesArtwork_80.png */,
				3F088AD5189E1E90001C95EA /* iTunesArtwork_120.png */,
				3F088AD9189E1E9E001C95EA /* splash_960.png */,
				3F088ADA189E1E9E001C95EA /* splash.png */,
				3FFA7287189E538F00A1EB76 /* bg.png */,
				3F088ACC189E1903001C95EA /* bg4.png */,
				3F088ACD189E1903001C95EA /* bg5.png */,
				3F32D7EB189B4C2300E109A8 /* glimpse-Info.plist */,
				3F32D7EC189B4C2300E109A8 /* InfoPlist.strings */,
				3F32D7EF189B4C2300E109A8 /* main.m */,
				3F32D7F1189B4C2300E109A8 /* glimpse-Prefix.pch */,
			);
			name = "Supporting Files";
			sourceTree = "<group>";
		};
		3F32D80B189B4C2300E109A8 /* glimpseTests */ = {
			isa = PBXGroup;
			children = (
				3F32D811189B4C2300E109A8 /* glimpseTests.m */,
				3F32D80C189B4C2300E109A8 /* Supporting Files */,
			);
			path = glimpseTests;
			sourceTree = "<group>";
		};
		3F32D80C189B4C2300E109A8 /* Supporting Files */ = {
			isa = PBXGroup;
			children = (
				3F32D80D189B4C2300E109A8 /* glimpseTests-Info.plist */,
				3F32D80E189B4C2300E109A8 /* InfoPlist.strings */,
			);
			name = "Supporting Files";
			sourceTree = "<group>";
		};
		B3DFD091189ED9230019DAED /* Models */ = {
			isa = PBXGroup;
			children = (
				B3DB2C23189E4F750051E341 /* ContactGrabber.h */,
				B3DB2C24189E4F750051E341 /* ContactGrabber.m */,
				B3DFD08C189EA91A0019DAED /* FaceDetector.h */,
				B3DFD08D189EA91A0019DAED /* FaceDetector.m */,
			);
			name = Models;
			sourceTree = "<group>";
		};
		B3DFD092189ED9420019DAED /* Controllers */ = {
			isa = PBXGroup;
			children = (
				3F810D6C189F362F00EC00AE /* APLPositionToBoundsMapping.h */,
				3F810D6D189F362F00EC00AE /* APLPositionToBoundsMapping.m */,
				B3BFE22B189BFE0200695E82 /* AboutViewController.h */,
				B3BFE22C189BFE0200695E82 /* AboutViewController.m */,
				3FE1CF33189DB0B700E8F55B /* TutorialViewController.h */,
				3FE1CF34189DB0B700E8F55B /* TutorialViewController.m */,
				3FE1CF30189DA1B400E8F55B /* ImagePickerViewController.h */,
				3F087C52189E4B4700A77BCF /* FacialViewController.h */,
				3F087C53189E4B4700A77BCF /* FacialViewController.m */,
				3FE1CF31189DA1B400E8F55B /* ImagePickerViewController.m */,
				3F32D7F8189B4C2300E109A8 /* ProfileViewController.h */,
				3F32D7F9189B4C2300E109A8 /* ProfileViewController.m */,
				3F32D7FB189B4C2300E109A8 /* FinderViewController.h */,
				3F32D7FC189B4C2300E109A8 /* FinderViewController.m */,
				B3DFD093189F00180019DAED /* TutorialContentViewController.h */,
				B3DFD094189F00180019DAED /* TutorialContentViewController.m */,
			);
			name = Controllers;
			sourceTree = "<group>";
		};
/* End PBXGroup section */

/* Begin PBXNativeTarget section */
		3F32D7DF189B4C2200E109A8 /* glimpse */ = {
			isa = PBXNativeTarget;
			buildConfigurationList = 3F32D815189B4C2300E109A8 /* Build configuration list for PBXNativeTarget "glimpse" */;
			buildPhases = (
				3F32D7DC189B4C2200E109A8 /* Sources */,
				3F32D7DD189B4C2200E109A8 /* Frameworks */,
				3F32D7DE189B4C2200E109A8 /* Resources */,
			);
			buildRules = (
			);
			dependencies = (
			);
			name = glimpse;
			productName = glimpse;
			productReference = 3F32D7E0189B4C2200E109A8 /* glimpse.app */;
			productType = "com.apple.product-type.application";
		};
		3F32D803189B4C2300E109A8 /* glimpseTests */ = {
			isa = PBXNativeTarget;
			buildConfigurationList = 3F32D818189B4C2300E109A8 /* Build configuration list for PBXNativeTarget "glimpseTests" */;
			buildPhases = (
				3F32D800189B4C2300E109A8 /* Sources */,
				3F32D801189B4C2300E109A8 /* Frameworks */,
				3F32D802189B4C2300E109A8 /* Resources */,
			);
			buildRules = (
			);
			dependencies = (
				3F32D80A189B4C2300E109A8 /* PBXTargetDependency */,
			);
			name = glimpseTests;
			productName = glimpseTests;
			productReference = 3F32D804189B4C2300E109A8 /* glimpseTests.xctest */;
			productType = "com.apple.product-type.bundle.unit-test";
		};
/* End PBXNativeTarget section */

/* Begin PBXProject section */
		3F32D7D8189B4C2200E109A8 /* Project object */ = {
			isa = PBXProject;
			attributes = {
				LastUpgradeCheck = 0500;
				ORGANIZATIONNAME = Student;
				TargetAttributes = {
					3F32D7DF189B4C2200E109A8 = {
						DevelopmentTeam = B747352D8N;
					};
					3F32D803189B4C2300E109A8 = {
						TestTargetID = 3F32D7DF189B4C2200E109A8;
					};
				};
			};
			buildConfigurationList = 3F32D7DB189B4C2200E109A8 /* Build configuration list for PBXProject "glimpse" */;
			compatibilityVersion = "Xcode 3.2";
			developmentRegion = English;
			hasScannedForEncodings = 0;
			knownRegions = (
				en,
				Base,
			);
			mainGroup = 3F32D7D7189B4C2200E109A8;
			productRefGroup = 3F32D7E1189B4C2200E109A8 /* Products */;
			projectDirPath = "";
			projectRoot = "";
			targets = (
				3F32D7DF189B4C2200E109A8 /* glimpse */,
				3F32D803189B4C2300E109A8 /* glimpseTests */,
			);
		};
/* End PBXProject section */

/* Begin PBXResourcesBuildPhase section */
		3F32D7DE189B4C2200E109A8 /* Resources */ = {
			isa = PBXResourcesBuildPhase;
			buildActionMask = 2147483647;
			files = (
				3F088AD7189E1E90001C95EA /* iTunesArtwork_80.png in Resources */,
				3F088AD2189E1903001C95EA /* bg5.png in Resources */,
				3FFA7288189E538F00A1EB76 /* bg.png in Resources */,
				3F088ADB189E1E9E001C95EA /* splash_960.png in Resources */,
				3F36AEEE189CB63300DFFC3A /* about_icon.png in Resources */,
				3F088ADC189E1E9E001C95EA /* splash.png in Resources */,
				3F32D7FF189B4C2300E109A8 /* Images.xcassets in Resources */,
				B3DFD090189EC0340019DAED /* border.png in Resources */,
				3F088AD6189E1E90001C95EA /* iTunesArtwork_58.png in Resources */,
				3F32D7EE189B4C2300E109A8 /* InfoPlist.strings in Resources */,
				3F088AD1189E1903001C95EA /* bg4.png in Resources */,
				3F088ACF189E1903001C95EA /* bg2.png in Resources */,
				B3DFD0AB189F64230019DAED /* marker@2x.png in Resources */,
				B3DFD0AD189F64230019DAED /* tutorial_icon@2x.png in Resources */,
				3F088AD8189E1E90001C95EA /* iTunesArtwork_120.png in Resources */,
				3F32D7F7189B4C2300E109A8 /* Main.storyboard in Resources */,
				B3DFD0AA189F64230019DAED /* lobby_icon@2x.png in Resources */,
				3F088ACE189E1903001C95EA /* bg.psd in Resources */,
				3F088AD0189E1903001C95EA /* bg3.png in Resources */,
				B3DFD0A9189F64230019DAED /* about_icon2@2x.png in Resources */,
				3F36AEF0189CB85700DFFC3A /* iconexample.png in Resources */,
				B3DFD0AC189F64230019DAED /* profile_icon@2x.png in Resources */,
			);
			runOnlyForDeploymentPostprocessing = 0;
		};
		3F32D802189B4C2300E109A8 /* Resources */ = {
			isa = PBXResourcesBuildPhase;
			buildActionMask = 2147483647;
			files = (
				3F32D810189B4C2300E109A8 /* InfoPlist.strings in Resources */,
			);
			runOnlyForDeploymentPostprocessing = 0;
		};
/* End PBXResourcesBuildPhase section */

/* Begin PBXSourcesBuildPhase section */
		3F32D7DC189B4C2200E109A8 /* Sources */ = {
			isa = PBXSourcesBuildPhase;
			buildActionMask = 2147483647;
			files = (
				3F087C54189E4B4700A77BCF /* FacialViewController.m in Sources */,
				3FE1CF35189DB0B700E8F55B /* TutorialViewController.m in Sources */,
				B3DB2C25189E4F750051E341 /* ContactGrabber.m in Sources */,
				3F32D7FD189B4C2300E109A8 /* FinderViewController.m in Sources */,
				B3DFD08E189EA91A0019DAED /* FaceDetector.m in Sources */,
				B3BFE22D189BFE0200695E82 /* AboutViewController.m in Sources */,
				3F32D7F4189B4C2300E109A8 /* AppDelegate.m in Sources */,
				3F32D7FA189B4C2300E109A8 /* ProfileViewController.m in Sources */,
				B3DFD095189F00180019DAED /* TutorialContentViewController.m in Sources */,
				3FE1CF32189DA1B400E8F55B /* ImagePickerViewController.m in Sources */,
				3F32D7F0189B4C2300E109A8 /* main.m in Sources */,
				3F810D6E189F362F00EC00AE /* APLPositionToBoundsMapping.m in Sources */,
			);
			runOnlyForDeploymentPostprocessing = 0;
		};
		3F32D800189B4C2300E109A8 /* Sources */ = {
			isa = PBXSourcesBuildPhase;
			buildActionMask = 2147483647;
			files = (
				3F32D812189B4C2300E109A8 /* glimpseTests.m in Sources */,
			);
			runOnlyForDeploymentPostprocessing = 0;
		};
/* End PBXSourcesBuildPhase section */

/* Begin PBXTargetDependency section */
		3F32D80A189B4C2300E109A8 /* PBXTargetDependency */ = {
			isa = PBXTargetDependency;
			target = 3F32D7DF189B4C2200E109A8 /* glimpse */;
			targetProxy = 3F32D809189B4C2300E109A8 /* PBXContainerItemProxy */;
		};
/* End PBXTargetDependency section */

/* Begin PBXVariantGroup section */
		3F32D7EC189B4C2300E109A8 /* InfoPlist.strings */ = {
			isa = PBXVariantGroup;
			children = (
				3F32D7ED189B4C2300E109A8 /* en */,
			);
			name = InfoPlist.strings;
			sourceTree = "<group>";
		};
		3F32D7F5189B4C2300E109A8 /* Main.storyboard */ = {
			isa = PBXVariantGroup;
			children = (
				3F32D7F6189B4C2300E109A8 /* Base */,
			);
			name = Main.storyboard;
			sourceTree = "<group>";
		};
		3F32D80E189B4C2300E109A8 /* InfoPlist.strings */ = {
			isa = PBXVariantGroup;
			children = (
				3F32D80F189B4C2300E109A8 /* en */,
			);
			name = InfoPlist.strings;
			sourceTree = "<group>";
		};
/* End PBXVariantGroup section */

/* Begin XCBuildConfiguration section */
		3F32D813189B4C2300E109A8 /* Debug */ = {
			isa = XCBuildConfiguration;
			buildSettings = {
				ALWAYS_SEARCH_USER_PATHS = NO;
				ARCHS = "$(ARCHS_STANDARD_INCLUDING_64_BIT)";
				CLANG_CXX_LANGUAGE_STANDARD = "gnu++0x";
				CLANG_CXX_LIBRARY = "libc++";
				CLANG_ENABLE_MODULES = YES;
				CLANG_ENABLE_OBJC_ARC = YES;
				CLANG_WARN_BOOL_CONVERSION = YES;
				CLANG_WARN_CONSTANT_CONVERSION = YES;
				CLANG_WARN_DIRECT_OBJC_ISA_USAGE = YES_ERROR;
				CLANG_WARN_EMPTY_BODY = YES;
				CLANG_WARN_ENUM_CONVERSION = YES;
				CLANG_WARN_INT_CONVERSION = YES;
				CLANG_WARN_OBJC_ROOT_CLASS = YES_ERROR;
				CLANG_WARN__DUPLICATE_METHOD_MATCH = YES;
				"CODE_SIGN_IDENTITY[sdk=iphoneos*]" = "iPhone Developer";
				COPY_PHASE_STRIP = NO;
				GCC_C_LANGUAGE_STANDARD = gnu99;
				GCC_DYNAMIC_NO_PIC = NO;
				GCC_OPTIMIZATION_LEVEL = 0;
				GCC_PREPROCESSOR_DEFINITIONS = (
					"DEBUG=1",
					"$(inherited)",
				);
				GCC_SYMBOLS_PRIVATE_EXTERN = NO;
				GCC_WARN_64_TO_32_BIT_CONVERSION = YES;
				GCC_WARN_ABOUT_RETURN_TYPE = YES_ERROR;
				GCC_WARN_UNDECLARED_SELECTOR = YES;
				GCC_WARN_UNINITIALIZED_AUTOS = YES;
				GCC_WARN_UNUSED_FUNCTION = YES;
				GCC_WARN_UNUSED_VARIABLE = YES;
				IPHONEOS_DEPLOYMENT_TARGET = 7.0;
				ONLY_ACTIVE_ARCH = YES;
				SDKROOT = iphoneos;
			};
			name = Debug;
		};
		3F32D814189B4C2300E109A8 /* Release */ = {
			isa = XCBuildConfiguration;
			buildSettings = {
				ALWAYS_SEARCH_USER_PATHS = NO;
				ARCHS = "$(ARCHS_STANDARD_INCLUDING_64_BIT)";
				CLANG_CXX_LANGUAGE_STANDARD = "gnu++0x";
				CLANG_CXX_LIBRARY = "libc++";
				CLANG_ENABLE_MODULES = YES;
				CLANG_ENABLE_OBJC_ARC = YES;
				CLANG_WARN_BOOL_CONVERSION = YES;
				CLANG_WARN_CONSTANT_CONVERSION = YES;
				CLANG_WARN_DIRECT_OBJC_ISA_USAGE = YES_ERROR;
				CLANG_WARN_EMPTY_BODY = YES;
				CLANG_WARN_ENUM_CONVERSION = YES;
				CLANG_WARN_INT_CONVERSION = YES;
				CLANG_WARN_OBJC_ROOT_CLASS = YES_ERROR;
				CLANG_WARN__DUPLICATE_METHOD_MATCH = YES;
				"CODE_SIGN_IDENTITY[sdk=iphoneos*]" = "iPhone Developer";
				COPY_PHASE_STRIP = YES;
				ENABLE_NS_ASSERTIONS = NO;
				GCC_C_LANGUAGE_STANDARD = gnu99;
				GCC_WARN_64_TO_32_BIT_CONVERSION = YES;
				GCC_WARN_ABOUT_RETURN_TYPE = YES_ERROR;
				GCC_WARN_UNDECLARED_SELECTOR = YES;
				GCC_WARN_UNINITIALIZED_AUTOS = YES;
				GCC_WARN_UNUSED_FUNCTION = YES;
				GCC_WARN_UNUSED_VARIABLE = YES;
				IPHONEOS_DEPLOYMENT_TARGET = 7.0;
				SDKROOT = iphoneos;
				VALIDATE_PRODUCT = YES;
			};
			name = Release;
		};
		3F32D816189B4C2300E109A8 /* Debug */ = {
			isa = XCBuildConfiguration;
			buildSettings = {
				CODE_SIGN_IDENTITY = "iPhone Developer";
				GCC_PRECOMPILE_PREFIX_HEADER = YES;
				GCC_PREFIX_HEADER = "glimpse/glimpse-Prefix.pch";
				INFOPLIST_FILE = "glimpse/glimpse-Info.plist";
				PRODUCT_NAME = "$(TARGET_NAME)";
				WRAPPER_EXTENSION = app;
			};
			name = Debug;
		};
		3F32D817189B4C2300E109A8 /* Release */ = {
			isa = XCBuildConfiguration;
			buildSettings = {
				CODE_SIGN_IDENTITY = "iPhone Developer";
				GCC_PRECOMPILE_PREFIX_HEADER = YES;
				GCC_PREFIX_HEADER = "glimpse/glimpse-Prefix.pch";
				INFOPLIST_FILE = "glimpse/glimpse-Info.plist";
				PRODUCT_NAME = "$(TARGET_NAME)";
				WRAPPER_EXTENSION = app;
			};
			name = Release;
		};
		3F32D819189B4C2300E109A8 /* Debug */ = {
			isa = XCBuildConfiguration;
			buildSettings = {
				ARCHS = "$(ARCHS_STANDARD_INCLUDING_64_BIT)";
				BUNDLE_LOADER = "$(BUILT_PRODUCTS_DIR)/glimpse.app/glimpse";
				FRAMEWORK_SEARCH_PATHS = (
					"$(SDKROOT)/Developer/Library/Frameworks",
					"$(inherited)",
					"$(DEVELOPER_FRAMEWORKS_DIR)",
				);
				GCC_PRECOMPILE_PREFIX_HEADER = YES;
				GCC_PREFIX_HEADER = "glimpse/glimpse-Prefix.pch";
				GCC_PREPROCESSOR_DEFINITIONS = (
					"DEBUG=1",
					"$(inherited)",
				);
				INFOPLIST_FILE = "glimpseTests/glimpseTests-Info.plist";
				PRODUCT_NAME = "$(TARGET_NAME)";
				TEST_HOST = "$(BUNDLE_LOADER)";
				WRAPPER_EXTENSION = xctest;
			};
			name = Debug;
		};
		3F32D81A189B4C2300E109A8 /* Release */ = {
			isa = XCBuildConfiguration;
			buildSettings = {
				ARCHS = "$(ARCHS_STANDARD_INCLUDING_64_BIT)";
				BUNDLE_LOADER = "$(BUILT_PRODUCTS_DIR)/glimpse.app/glimpse";
				FRAMEWORK_SEARCH_PATHS = (
					"$(SDKROOT)/Developer/Library/Frameworks",
					"$(inherited)",
					"$(DEVELOPER_FRAMEWORKS_DIR)",
				);
				GCC_PRECOMPILE_PREFIX_HEADER = YES;
				GCC_PREFIX_HEADER = "glimpse/glimpse-Prefix.pch";
				INFOPLIST_FILE = "glimpseTests/glimpseTests-Info.plist";
				PRODUCT_NAME = "$(TARGET_NAME)";
				TEST_HOST = "$(BUNDLE_LOADER)";
				WRAPPER_EXTENSION = xctest;
			};
			name = Release;
		};
/* End XCBuildConfiguration section */

/* Begin XCConfigurationList section */
		3F32D7DB189B4C2200E109A8 /* Build configuration list for PBXProject "glimpse" */ = {
			isa = XCConfigurationList;
			buildConfigurations = (
				3F32D813189B4C2300E109A8 /* Debug */,
				3F32D814189B4C2300E109A8 /* Release */,
			);
			defaultConfigurationIsVisible = 0;
			defaultConfigurationName = Release;
		};
		3F32D815189B4C2300E109A8 /* Build configuration list for PBXNativeTarget "glimpse" */ = {
			isa = XCConfigurationList;
			buildConfigurations = (
				3F32D816189B4C2300E109A8 /* Debug */,
				3F32D817189B4C2300E109A8 /* Release */,
			);
			defaultConfigurationIsVisible = 0;
			defaultConfigurationName = Release;
		};
		3F32D818189B4C2300E109A8 /* Build configuration list for PBXNativeTarget "glimpseTests" */ = {
			isa = XCConfigurationList;
			buildConfigurations = (
				3F32D819189B4C2300E109A8 /* Debug */,
				3F32D81A189B4C2300E109A8 /* Release */,
			);
			defaultConfigurationIsVisible = 0;
			defaultConfigurationName = Release;
		};
/* End XCConfigurationList section */
	};
	rootObject = 3F32D7D8189B4C2200E109A8 /* Project object */;
}
